github.com/joho/godotenv v1.4.0 h1:3l4+N6zfMWnkbPEXKng2o2/MR5mSwTrBih4ZEkkz1lg=
github.com/joho/godotenv v1.4.0/go.mod h1:f4LDr5Voq0i2e/R5DDNOoa2zzDfwtkZa6DnEwAbqwq4=
github.com/palavrapasse/aspirador v0.0.1 h1:PqdnHweSXfvYITOgOQC0JAXD3GeYV2x+rc4Sce7q0Vw=
github.com/palavrapasse/aspirador v0.0.1/go.mod h1:1LJFZgJoNr7In+g3PQHWwK6/Dha9jsiTT2jMV/eiAX8=
